
Microsoft Visual Studio Solution File, Format Version 12.00
# Visual Studio Version 17
VisualStudioVersion = 17.13.35919.96 d17.13
MinimumVisualStudioVersion = 10.0.40219.1
Project("{FAE04EC0-301F-11D3-BF4B-00C04F79EFBC}") = "ExcelVC001", "ExcelVC001\ExcelVC001.csproj", "{B506C6DB-106C-4846-9EBB-28398A1E1DFE}"
EndProject
Global
	GlobalSection(SolutionConfigurationPlatforms) = preSolution
		Debug|Any CPU = Debug|Any CPU
		Release|Any CPU = Release|Any CPU
	EndGlobalSection
	GlobalSection(ProjectConfigurationPlatforms) = postSolution
		{B506C6DB-106C-4846-9EBB-28398A1E1DFE}.Debug|Any CPU.ActiveCfg = Debug|Any CPU
		{B506C6DB-106C-4846-9EBB-28398A1E1DFE}.Debug|Any CPU.Build.0 = Debug|Any CPU
		{B506C6DB-106C-4846-9EBB-28398A1E1DFE}.Release|Any CPU.ActiveCfg = Release|Any CPU
		{B506C6DB-106C-4846-9EBB-28398A1E1DFE}.Release|Any CPU.Build.0 = Release|Any CPU
	EndGlobalSection
	GlobalSection(SolutionProperties) = preSolution
		HideSolutionNode = FALSE
	EndGlobalSection
	GlobalSection(ExtensibilityGlobals) = postSolution
		SolutionGuid = {E2A8B041-B89A-42A0-989C-3327C19ADFAC}
	EndGlobalSection
EndGlobal
